
Microsoft Visual Studio Solution File, Format Version 11.00
# Visual Studio 2010
Project("{FAE04EC0-301F-11D3-BF4B-00C04F79EFBC}") = "VR 0.0", "Assembly-CSharp.csproj", "{7536D7F7-0038-27DE-A61A-84FF482D39D1}"
EndProject
Project("{FAE04EC0-301F-11D3-BF4B-00C04F79EFBC}") = "VR 0.0", "Assembly-CSharp-firstpass.csproj", "{B876BEFF-0A4D-AE44-748A-09E783FC7621}"
EndProject
Project("{FAE04EC0-301F-11D3-BF4B-00C04F79EFBC}") = "VR 0.0", "Assembly-CSharp-Editor-firstpass.csproj", "{36CD6A77-A29C-B9AA-5BD8-138F3358AE4C}"
EndProject
Project("{FAE04EC0-301F-11D3-BF4B-00C04F79EFBC}") = "VR 0.0", "Assembly-CSharp-Editor.csproj", "{EE8E5966-7D9F-B834-B251-40FA7577D4AE}"
EndProject
Global
	GlobalSection(SolutionConfigurationPlatforms) = preSolution
		Debug|Any CPU = Debug|Any CPU
		Release|Any CPU = Release|Any CPU
	EndGlobalSection
	GlobalSection(ProjectConfigurationPlatforms) = postSolution
		{7536D7F7-0038-27DE-A61A-84FF482D39D1}.Debug|Any CPU.ActiveCfg = Debug|Any CPU
		{7536D7F7-0038-27DE-A61A-84FF482D39D1}.Debug|Any CPU.Build.0 = Debug|Any CPU
		{7536D7F7-0038-27DE-A61A-84FF482D39D1}.Release|Any CPU.ActiveCfg = Release|Any CPU
		{7536D7F7-0038-27DE-A61A-84FF482D39D1}.Release|Any CPU.Build.0 = Release|Any CPU
		{B876BEFF-0A4D-AE44-748A-09E783FC7621}.Debug|Any CPU.ActiveCfg = Debug|Any CPU
		{B876BEFF-0A4D-AE44-748A-09E783FC7621}.Debug|Any CPU.Build.0 = Debug|Any CPU
		{B876BEFF-0A4D-AE44-748A-09E783FC7621}.Release|Any CPU.ActiveCfg = Release|Any CPU
		{B876BEFF-0A4D-AE44-748A-09E783FC7621}.Release|Any CPU.Build.0 = Release|Any CPU
		{36CD6A77-A29C-B9AA-5BD8-138F3358AE4C}.Debug|Any CPU.ActiveCfg = Debug|Any CPU
		{36CD6A77-A29C-B9AA-5BD8-138F3358AE4C}.Debug|Any CPU.Build.0 = Debug|Any CPU
		{36CD6A77-A29C-B9AA-5BD8-138F3358AE4C}.Release|Any CPU.ActiveCfg = Release|Any CPU
		{36CD6A77-A29C-B9AA-5BD8-138F3358AE4C}.Release|Any CPU.Build.0 = Release|Any CPU
		{EE8E5966-7D9F-B834-B251-40FA7577D4AE}.Debug|Any CPU.ActiveCfg = Debug|Any CPU
		{EE8E5966-7D9F-B834-B251-40FA7577D4AE}.Debug|Any CPU.Build.0 = Debug|Any CPU
		{EE8E5966-7D9F-B834-B251-40FA7577D4AE}.Release|Any CPU.ActiveCfg = Release|Any CPU
		{EE8E5966-7D9F-B834-B251-40FA7577D4AE}.Release|Any CPU.Build.0 = Release|Any CPU
	EndGlobalSection
	GlobalSection(SolutionProperties) = preSolution
		HideSolutionNode = FALSE
	EndGlobalSection
	GlobalSection(MonoDevelopProperties) = preSolution
		StartupItem = Assembly-CSharp.csproj
	EndGlobalSection
EndGlobal
